// !$*UTF8*$!
{
	archiveVersion = 1;
	classes = {
	};
	objectVersion = 50;
	objects = {

/* Begin PBXBuildFile section */
		7974F86C24EE58DE008BD89A /* Grid.swift in Sources */ = {isa = PBXBuildFile; fileRef = 7974F86B24EE58DE008BD89A /* Grid.swift */; };
		7974F87024EF6EC0008BD89A /* GridLayout.swift in Sources */ = {isa = PBXBuildFile; fileRef = 7974F86F24EF6EC0008BD89A /* GridLayout.swift */; };
		7974F87224EF71F5008BD89A /* Array+Identifiable.swift in Sources */ = {isa = PBXBuildFile; fileRef = 7974F87124EF71F5008BD89A /* Array+Identifiable.swift */; };
		7974F87424EF7F4E008BD89A /* Array+Only.swift in Sources */ = {isa = PBXBuildFile; fileRef = 7974F87324EF7F4E008BD89A /* Array+Only.swift */; };
		7974F87624EF9269008BD89A /* Pie.swift in Sources */ = {isa = PBXBuildFile; fileRef = 7974F87524EF9269008BD89A /* Pie.swift */; };
		7974F87824EFA349008BD89A /* Cardify.swift in Sources */ = {isa = PBXBuildFile; fileRef = 7974F87724EFA349008BD89A /* Cardify.swift */; };
		79EAF5CD24ECE3C000A92DFC /* AppDelegate.swift in Sources */ = {isa = PBXBuildFile; fileRef = 79EAF5CC24ECE3C000A92DFC /* AppDelegate.swift */; };
		79EAF5CF24ECE3C000A92DFC /* SceneDelegate.swift in Sources */ = {isa = PBXBuildFile; fileRef = 79EAF5CE24ECE3C000A92DFC /* SceneDelegate.swift */; };
		79EAF5D124ECE3C000A92DFC /* EmojiMemoryGameView.swift in Sources */ = {isa = PBXBuildFile; fileRef = 79EAF5D024ECE3C000A92DFC /* EmojiMemoryGameView.swift */; };
		79EAF5D324ECE3C400A92DFC /* Assets.xcassets in Resources */ = {isa = PBXBuildFile; fileRef = 79EAF5D224ECE3C400A92DFC /* Assets.xcassets */; };
		79EAF5D624ECE3C400A92DFC /* Preview Assets.xcassets in Resources */ = {isa = PBXBuildFile; fileRef = 79EAF5D524ECE3C400A92DFC /* Preview Assets.xcassets */; };
		79EAF5D924ECE3C400A92DFC /* LaunchScreen.storyboard in Resources */ = {isa = PBXBuildFile; fileRef = 79EAF5D724ECE3C400A92DFC /* LaunchScreen.storyboard */; };
		79EAF5E124ED05E000A92DFC /* MemoryGame.swift in Sources */ = {isa = PBXBuildFile; fileRef = 79EAF5E024ED05E000A92DFC /* MemoryGame.swift */; };
		79EAF5E324ED084500A92DFC /* EmojiMemoryGame.swift in Sources */ = {isa = PBXBuildFile; fileRef = 79EAF5E224ED084500A92DFC /* EmojiMemoryGame.swift */; };
/* End PBXBuildFile section */

/* Begin PBXFileReference section */
		7974F86B24EE58DE008BD89A /* Grid.swift */ = {isa = PBXFileReference; lastKnownFileType = sourcecode.swift; path = Grid.swift; sourceTree = "<group>"; };
		7974F86F24EF6EC0008BD89A /* GridLayout.swift */ = {isa = PBXFileReference; fileEncoding = 4; lastKnownFileType = sourcecode.swift; path = GridLayout.swift; sourceTree = "<group>"; };
		7974F87124EF71F5008BD89A /* Array+Identifiable.swift */ = {isa = PBXFileReference; lastKnownFileType = sourcecode.swift; path = "Array+Identifiable.swift"; sourceTree = "<group>"; };
		7974F87324EF7F4E008BD89A /* Array+Only.swift */ = {isa = PBXFileReference; lastKnownFileType = sourcecode.swift; path = "Array+Only.swift"; sourceTree = "<group>"; };
		7974F87524EF9269008BD89A /* Pie.swift */ = {isa = PBXFileReference; lastKnownFileType = sourcecode.swift; path = Pie.swift; sourceTree = "<group>"; };
		7974F87724EFA349008BD89A /* Cardify.swift */ = {isa = PBXFileReference; lastKnownFileType = sourcecode.swift; path = Cardify.swift; sourceTree = "<group>"; };
		79EAF5C924ECE3C000A92DFC /* Memorize.app */ = {isa = PBXFileReference; explicitFileType = wrapper.application; includeInIndex = 0; path = Memorize.app; sourceTree = BUILT_PRODUCTS_DIR; };
		79EAF5CC24ECE3C000A92DFC /* AppDelegate.swift */ = {isa = PBXFileReference; lastKnownFileType = sourcecode.swift; path = AppDelegate.swift; sourceTree = "<group>"; };
		79EAF5CE24ECE3C000A92DFC /* SceneDelegate.swift */ = {isa = PBXFileReference; lastKnownFileType = sourcecode.swift; path = SceneDelegate.swift; sourceTree = "<group>"; };
		79EAF5D024ECE3C000A92DFC /* EmojiMemoryGameView.swift */ = {isa = PBXFileReference; lastKnownFileType = sourcecode.swift; path = EmojiMemoryGameView.swift; sourceTree = "<group>"; };
		79EAF5D224ECE3C400A92DFC /* Assets.xcassets */ = {isa = PBXFileReference; lastKnownFileType = folder.assetcatalog; path = Assets.xcassets; sourceTree = "<group>"; };
		79EAF5D524ECE3C400A92DFC /* Preview Assets.xcassets */ = {isa = PBXFileReference; lastKnownFileType = folder.assetcatalog; path = "Preview Assets.xcassets"; sourceTree = "<group>"; };
		79EAF5D824ECE3C400A92DFC /* Base */ = {isa = PBXFileReference; lastKnownFileType = file.storyboard; name = Base; path = Base.lproj/LaunchScreen.storyboard; sourceTree = "<group>"; };
		79EAF5DA24ECE3C400A92DFC /* Info.plist */ = {isa = PBXFileReference; lastKnownFileType = text.plist.xml; path = Info.plist; sourceTree = "<group>"; };
		79EAF5E024ED05E000A92DFC /* MemoryGame.swift */ = {isa = PBXFileReference; lastKnownFileType = sourcecode.swift; path = MemoryGame.swift; sourceTree = "<group>"; };
		79EAF5E224ED084500A92DFC /* EmojiMemoryGame.swift */ = {isa = PBXFileReference; lastKnownFileType = sourcecode.swift; path = EmojiMemoryGame.swift; sourceTree = "<group>"; };
/* End PBXFileReference section */

/* Begin PBXFrameworksBuildPhase section */
		79EAF5C624ECE3C000A92DFC /* Frameworks */ = {
			isa = PBXFrameworksBuildPhase;
			buildActionMask = 2147483647;
			files = (
			);
			runOnlyForDeploymentPostprocessing = 0;
		};
/* End PBXFrameworksBuildPhase section */

/* Begin PBXGroup section */
		79EAF5C024ECE3C000A92DFC = {
			isa = PBXGroup;
			children = (
				79EAF5CB24ECE3C000A92DFC /* Memorize */,
				79EAF5CA24ECE3C000A92DFC /* Products */,
			);
			sourceTree = "<group>";
		};
		79EAF5CA24ECE3C000A92DFC /* Products */ = {
			isa = PBXGroup;
			children = (
				79EAF5C924ECE3C000A92DFC /* Memorize.app */,
			);
			name = Products;
			sourceTree = "<group>";
		};
		79EAF5CB24ECE3C000A92DFC /* Memorize */ = {
			isa = PBXGroup;
			children = (
				79EAF5CC24ECE3C000A92DFC /* AppDelegate.swift */,
				79EAF5CE24ECE3C000A92DFC /* SceneDelegate.swift */,
				79EAF5D024ECE3C000A92DFC /* EmojiMemoryGameView.swift */,
				79EAF5E224ED084500A92DFC /* EmojiMemoryGame.swift */,
				79EAF5E024ED05E000A92DFC /* MemoryGame.swift */,
				7974F87724EFA349008BD89A /* Cardify.swift */,
				7974F86B24EE58DE008BD89A /* Grid.swift */,
				7974F86F24EF6EC0008BD89A /* GridLayout.swift */,
				7974F87524EF9269008BD89A /* Pie.swift */,
				7974F87124EF71F5008BD89A /* Array+Identifiable.swift */,
				7974F87324EF7F4E008BD89A /* Array+Only.swift */,
				79EAF5D224ECE3C400A92DFC /* Assets.xcassets */,
				79EAF5D724ECE3C400A92DFC /* LaunchScreen.storyboard */,
				79EAF5DA24ECE3C400A92DFC /* Info.plist */,
				79EAF5D424ECE3C400A92DFC /* Preview Content */,
			);
			path = Memorize;
			sourceTree = "<group>";
		};
		79EAF5D424ECE3C400A92DFC /* Preview Content */ = {
			isa = PBXGroup;
			children = (
				79EAF5D524ECE3C400A92DFC /* Preview Assets.xcassets */,
			);
			path = "Preview Content";
			sourceTree = "<group>";
		};
/* End PBXGroup section */

/* Begin PBXNativeTarget section */
		79EAF5C824ECE3C000A92DFC /* Memorize */ = {
			isa = PBXNativeTarget;
			buildConfigurationList = 79EAF5DD24ECE3C400A92DFC /* Build configuration list for PBXNativeTarget "Memorize" */;
			buildPhases = (
				79EAF5C524ECE3C000A92DFC /* Sources */,
				79EAF5C624ECE3C000A92DFC /* Frameworks */,
				79EAF5C724ECE3C000A92DFC /* Resources */,
			);
			buildRules = (
			);
			dependencies = (
			);
			name = Memorize;
			productName = Memorize;
			productReference = 79EAF5C924ECE3C000A92DFC /* Memorize.app */;
			productType = "com.apple.product-type.application";
		};
/* End PBXNativeTarget section */

/* Begin PBXProject section */
		79EAF5C124ECE3C000A92DFC /* Project object */ = {
			isa = PBXProject;
			attributes = {
				LastSwiftUpdateCheck = 1160;
				LastUpgradeCheck = 1160;
				ORGANIZATIONNAME = rcg;
				TargetAttributes = {
					79EAF5C824ECE3C000A92DFC = {
						CreatedOnToolsVersion = 11.6;
					};
				};
			};
			buildConfigurationList = 79EAF5C424ECE3C000A92DFC /* Build configuration list for PBXProject "Memorize" */;
			compatibilityVersion = "Xcode 9.3";
			developmentRegion = en;
			hasScannedForEncodings = 0;
			knownRegions = (
				en,
				Base,
			);
			mainGroup = 79EAF5C024ECE3C000A92DFC;
			productRefGroup = 79EAF5CA24ECE3C000A92DFC /* Products */;
			projectDirPath = "";
			projectRoot = "";
			targets = (
				79EAF5C824ECE3C000A92DFC /* Memorize */,
			);
		};
/* End PBXProject section */

/* Begin PBXResourcesBuildPhase section */
		79EAF5C724ECE3C000A92DFC /* Resources */ = {
			isa = PBXResourcesBuildPhase;
			buildActionMask = 2147483647;
			files = (
				79EAF5D924ECE3C400A92DFC /* LaunchScreen.storyboard in Resources */,
				79EAF5D624ECE3C400A92DFC /* Preview Assets.xcassets in Resources */,
				79EAF5D324ECE3C400A92DFC /* Assets.xcassets in Resources */,
			);
			runOnlyForDeploymentPostprocessing = 0;
		};
/* End PBXResourcesBuildPhase section */

/* Begin PBXSourcesBuildPhase section */
		79EAF5C524ECE3C000A92DFC /* Sources */ = {
			isa = PBXSourcesBuildPhase;
			buildActionMask = 2147483647;
			files = (
				7974F87824EFA349008BD89A /* Cardify.swift in Sources */,
				7974F87624EF9269008BD89A /* Pie.swift in Sources */,
				79EAF5CD24ECE3C000A92DFC /* AppDelegate.swift in Sources */,
				79EAF5CF24ECE3C000A92DFC /* SceneDelegate.swift in Sources */,
				79EAF5E124ED05E000A92DFC /* MemoryGame.swift in Sources */,
				7974F87424EF7F4E008BD89A /* Array+Only.swift in Sources */,
				79EAF5D124ECE3C000A92DFC /* EmojiMemoryGameView.swift in Sources */,
				79EAF5E324ED084500A92DFC /* EmojiMemoryGame.swift in Sources */,
				7974F87224EF71F5008BD89A /* Array+Identifiable.swift in Sources */,
				7974F87024EF6EC0008BD89A /* GridLayout.swift in Sources */,
				7974F86C24EE58DE008BD89A /* Grid.swift in Sources */,
			);
			runOnlyForDeploymentPostprocessing = 0;
		};
/* End PBXSourcesBuildPhase section */

/* Begin PBXVariantGroup section */
		79EAF5D724ECE3C400A92DFC /* LaunchScreen.storyboard */ = {
			isa = PBXVariantGroup;
			children = (
				79EAF5D824ECE3C400A92DFC /* Base */,
			);
			name = LaunchScreen.storyboard;
			sourceTree = "<group>";
		};
/* End PBXVariantGroup section */

/* Begin XCBuildConfiguration section */
		79EAF5DB24ECE3C400A92DFC /* Debug */ = {
			isa = XCBuildConfiguration;
			buildSettings = {
				ALWAYS_SEARCH_USER_PATHS = NO;
				CLANG_ANALYZER_NONNULL = YES;
				CLANG_ANALYZER_NUMBER_OBJECT_CONVERSION = YES_AGGRESSIVE;
				CLANG_CXX_LANGUAGE_STANDARD = "gnu++14";
				CLANG_CXX_LIBRARY = "libc++";
				CLANG_ENABLE_MODULES = YES;
				CLANG_ENABLE_OBJC_ARC = YES;
				CLANG_ENABLE_OBJC_WEAK = YES;
				CLANG_WARN_BLOCK_CAPTURE_AUTORELEASING = YES;
				CLANG_WARN_BOOL_CONVERSION = YES;
				CLANG_WARN_COMMA = YES;
				CLANG_WARN_CONSTANT_CONVERSION = YES;
				CLANG_WARN_DEPRECATED_OBJC_IMPLEMENTATIONS = YES;
				CLANG_WARN_DIRECT_OBJC_ISA_USAGE = YES_ERROR;
				CLANG_WARN_DOCUMENTATION_COMMENTS = YES;
				CLANG_WARN_EMPTY_BODY = YES;
				CLANG_WARN_ENUM_CONVERSION = YES;
				CLANG_WARN_INFINITE_RECURSION = YES;
				CLANG_WARN_INT_CONVERSION = YES;
				CLANG_WARN_NON_LITERAL_NULL_CONVERSION = YES;
				CLANG_WARN_OBJC_IMPLICIT_RETAIN_SELF = YES;
				CLANG_WARN_OBJC_LITERAL_CONVERSION = YES;
				CLANG_WARN_OBJC_ROOT_CLASS = YES_ERROR;
				CLANG_WARN_RANGE_LOOP_ANALYSIS = YES;
				CLANG_WARN_STRICT_PROTOTYPES = YES;
				CLANG_WARN_SUSPICIOUS_MOVE = YES;
				CLANG_WARN_UNGUARDED_AVAILABILITY = YES_AGGRESSIVE;
				CLANG_WARN_UNREACHABLE_CODE = YES;
				CLANG_WARN__DUPLICATE_METHOD_MATCH = YES;
				COPY_PHASE_STRIP = NO;
				DEBUG_INFORMATION_FORMAT = dwarf;
				ENABLE_STRICT_OBJC_MSGSEND = YES;
				ENABLE_TESTABILITY = YES;
				GCC_C_LANGUAGE_STANDARD = gnu11;
				GCC_DYNAMIC_NO_PIC = NO;
				GCC_NO_COMMON_BLOCKS = YES;
				GCC_OPTIMIZATION_LEVEL = 0;
				GCC_PREPROCESSOR_DEFINITIONS = (
					"DEBUG=1",
					"$(inherited)",
				);
				GCC_WARN_64_TO_32_BIT_CONVERSION = YES;
				GCC_WARN_ABOUT_RETURN_TYPE = YES_ERROR;
				GCC_WARN_UNDECLARED_SELECTOR = YES;
				GCC_WARN_UNINITIALIZED_AUTOS = YES_AGGRESSIVE;
				GCC_WARN_UNUSED_FUNCTION = YES;
				GCC_WARN_UNUSED_VARIABLE = YES;
				IPHONEOS_DEPLOYMENT_TARGET = 13.6;
				MTL_ENABLE_DEBUG_INFO = INCLUDE_SOURCE;
				MTL_FAST_MATH = YES;
				ONLY_ACTIVE_ARCH = YES;
				SDKROOT = iphoneos;
				SWIFT_ACTIVE_COMPILATION_CONDITIONS = DEBUG;
				SWIFT_OPTIMIZATION_LEVEL = "-Onone";
			};
			name = Debug;
		};
		79EAF5DC24ECE3C400A92DFC /* Release */ = {
			isa = XCBuildConfiguration;
			buildSettings = {
				ALWAYS_SEARCH_USER_PATHS = NO;
				CLANG_ANALYZER_NONNULL = YES;
				CLANG_ANALYZER_NUMBER_OBJECT_CONVERSION = YES_AGGRESSIVE;
				CLANG_CXX_LANGUAGE_STANDARD = "gnu++14";
				CLANG_CXX_LIBRARY = "libc++";
				CLANG_ENABLE_MODULES = YES;
				CLANG_ENABLE_OBJC_ARC = YES;
				CLANG_ENABLE_OBJC_WEAK = YES;
				CLANG_WARN_BLOCK_CAPTURE_AUTORELEASING = YES;
				CLANG_WARN_BOOL_CONVERSION = YES;
				CLANG_WARN_COMMA = YES;
				CLANG_WARN_CONSTANT_CONVERSION = YES;
				CLANG_WARN_DEPRECATED_OBJC_IMPLEMENTATIONS = YES;
				CLANG_WARN_DIRECT_OBJC_ISA_USAGE = YES_ERROR;
				CLANG_WARN_DOCUMENTATION_COMMENTS = YES;
				CLANG_WARN_EMPTY_BODY = YES;
				CLANG_WARN_ENUM_CONVERSION = YES;
				CLANG_WARN_INFINITE_RECURSION = YES;
				CLANG_WARN_INT_CONVERSION = YES;
				CLANG_WARN_NON_LITERAL_NULL_CONVERSION = YES;
				CLANG_WARN_OBJC_IMPLICIT_RETAIN_SELF = YES;
				CLANG_WARN_OBJC_LITERAL_CONVERSION = YES;
				CLANG_WARN_OBJC_ROOT_CLASS = YES_ERROR;
				CLANG_WARN_RANGE_LOOP_ANALYSIS = YES;
				CLANG_WARN_STRICT_PROTOTYPES = YES;
				CLANG_WARN_SUSPICIOUS_MOVE = YES;
				CLANG_WARN_UNGUARDED_AVAILABILITY = YES_AGGRESSIVE;
				CLANG_WARN_UNREACHABLE_CODE = YES;
				CLANG_WARN__DUPLICATE_METHOD_MATCH = YES;
				COPY_PHASE_STRIP = NO;
				DEBUG_INFORMATION_FORMAT = "dwarf-with-dsym";
				ENABLE_NS_ASSERTIONS = NO;
				ENABLE_STRICT_OBJC_MSGSEND = YES;
				GCC_C_LANGUAGE_STANDARD = gnu11;
				GCC_NO_COMMON_BLOCKS = YES;
				GCC_WARN_64_TO_32_BIT_CONVERSION = YES;
				GCC_WARN_ABOUT_RETURN_TYPE = YES_ERROR;
				GCC_WARN_UNDECLARED_SELECTOR = YES;
				GCC_WARN_UNINITIALIZED_AUTOS = YES_AGGRESSIVE;
				GCC_WARN_UNUSED_FUNCTION = YES;
				GCC_WARN_UNUSED_VARIABLE = YES;
				IPHONEOS_DEPLOYMENT_TARGET = 13.6;
				MTL_ENABLE_DEBUG_INFO = NO;
				MTL_FAST_MATH = YES;
				SDKROOT = iphoneos;
				SWIFT_COMPILATION_MODE = wholemodule;
				SWIFT_OPTIMIZATION_LEVEL = "-O";
				VALIDATE_PRODUCT = YES;
			};
			name = Release;
		};
		79EAF5DE24ECE3C400A92DFC /* Debug */ = {
			isa = XCBuildConfiguration;
			buildSettings = {
				ASSETCATALOG_COMPILER_APPICON_NAME = AppIcon;
				CODE_SIGN_STYLE = Automatic;
				DEVELOPMENT_ASSET_PATHS = "\"Memorize/Preview Content\"";
				DEVELOPMENT_TEAM = H7746RVFJ9;
				ENABLE_PREVIEWS = YES;
				INFOPLIST_FILE = Memorize/Info.plist;
				LD_RUNPATH_SEARCH_PATHS = (
					"$(inherited)",
					"@executable_path/Frameworks",
				);
				PRODUCT_BUNDLE_IDENTIFIER = kr.xoul.goodycg;
				PRODUCT_NAME = "$(TARGET_NAME)";
				SWIFT_VERSION = 5.0;
				TARGETED_DEVICE_FAMILY = "1,2";
			};
			name = Debug;
		};
		79EAF5DF24ECE3C400A92DFC /* Release */ = {
			isa = XCBuildConfiguration;
			buildSettings = {
				ASSETCATALOG_COMPILER_APPICON_NAME = AppIcon;
				CODE_SIGN_STYLE = Automatic;
				DEVELOPMENT_ASSET_PATHS = "\"Memorize/Preview Content\"";
				DEVELOPMENT_TEAM = H7746RVFJ9;
				ENABLE_PREVIEWS = YES;
				INFOPLIST_FILE = Memorize/Info.plist;
				LD_RUNPATH_SEARCH_PATHS = (
					"$(inherited)",
					"@executable_path/Frameworks",
				);
				PRODUCT_BUNDLE_IDENTIFIER = kr.xoul.goodycg;
				PRODUCT_NAME = "$(TARGET_NAME)";
				SWIFT_VERSION = 5.0;
				TARGETED_DEVICE_FAMILY = "1,2";
			};
			name = Release;
		};
/* End XCBuildConfiguration section */

/* Begin XCConfigurationList section */
		79EAF5C424ECE3C000A92DFC /* Build configuration list for PBXProject "Memorize" */ = {
			isa = XCConfigurationList;
			buildConfigurations = (
				79EAF5DB24ECE3C400A92DFC /* Debug */,
				79EAF5DC24ECE3C400A92DFC /* Release */,
			);
			defaultConfigurationIsVisible = 0;
			defaultConfigurationName = Release;
		};
		79EAF5DD24ECE3C400A92DFC /* Build configuration list for PBXNativeTarget "Memorize" */ = {
			isa = XCConfigurationList;
			buildConfigurations = (
				79EAF5DE24ECE3C400A92DFC /* Debug */,
				79EAF5DF24ECE3C400A92DFC /* Release */,
			);
			defaultConfigurationIsVisible = 0;
			defaultConfigurationName = Release;
		};
/* End XCConfigurationList section */
	};
	rootObject = 79EAF5C124ECE3C000A92DFC /* Project object */;
}
